{
  "version": 4,
  "terraform_version": "1.14.6",
  "serial": 3,
  "lineage": "c2501fab-d29c-e200-755a-58a0bde1c41e",
  "outputs": {},
  "resources": [
    {
      "mode": "managed",
      "type": "azurerm_resource_group",
      "name": "rg1",
      "provider": "provider[\"registry.terraform.io/hashicorp/azurerm\"]",
      "instances": [
        {
          "index_key": "rg2dev",
          "schema_version": 0,
          "attributes": {
            "id": "/subscriptions/a36855a1-1325-4951-8ba7-b9706f963c88/resourceGroups/rg2dev",
            "location": "westus",
            "managed_by": "",
            "name": "rg2dev",
            "tags": null,
            "timeouts": null
          },
          "sensitive_attributes": [],
          "identity_schema_version": 0,
          "identity": {
            "name": "rg2dev",
            "subscription_id": "a36855a1-1325-4951-8ba7-b9706f963c88"
          },
          "private": "eyJlMmJmYjczMC1lY2FhLTExZTYtOGY4OC0zNDM2M2JjN2M0YzAiOnsiY3JlYXRlIjo1NDAwMDAwMDAwMDAwLCJkZWxldGUiOjU0MDAwMDAwMDAwMDAsInJlYWQiOjMwMDAwMDAwMDAwMCwidXBkYXRlIjo1NDAwMDAwMDAwMDAwfX0="
        }
      ]
    }
  ],
  "check_results": null
}
